// !$*UTF8*$!
{
	archiveVersion = 1;
	classes = {
	};
	objectVersion = 77;
	objects = {

/* Begin PBXBuildFile section */
		446716AA2DDC2C6D00C1B4DC /* ImageCacheManagerTests.swift in Sources */ = {isa = PBXBuildFile; fileRef = 446716A92DDC2C6D00C1B4DC /* ImageCacheManagerTests.swift */; };
		446716AD2DDC389400C1B4DC /* SearchTextValidatorTests.swift in Sources */ = {isa = PBXBuildFile; fileRef = 446716AC2DDC389400C1B4DC /* SearchTextValidatorTests.swift */; };
		447B7C3E2DD85753006A4E64 /* AppDelegate.swift in Sources */ = {isa = PBXBuildFile; fileRef = 447B7C372DD85753006A4E64 /* AppDelegate.swift */; };
		447B7C402DD85753006A4E64 /* Assets.xcassets in Resources */ = {isa = PBXBuildFile; fileRef = 447B7C382DD85753006A4E64 /* Assets.xcassets */; };
		447B7C422DD85753006A4E64 /* LaunchScreen.storyboard in Resources */ = {isa = PBXBuildFile; fileRef = 447B7C3B2DD85753006A4E64 /* LaunchScreen.storyboard */; };
		447B7C452DD85756006A4E64 /* PicsumAppTests.swift in Sources */ = {isa = PBXBuildFile; fileRef = 447B7C432DD85756006A4E64 /* PicsumAppTests.swift */; };
		447B7C492DD85758006A4E64 /* PicsumAppUITests.swift in Sources */ = {isa = PBXBuildFile; fileRef = 447B7C462DD85758006A4E64 /* PicsumAppUITests.swift */; };
		447B7C4A2DD85758006A4E64 /* PicsumAppUITestsLaunchTests.swift in Sources */ = {isa = PBXBuildFile; fileRef = 447B7C472DD85758006A4E64 /* PicsumAppUITestsLaunchTests.swift */; };
		447B7C4E2DD85806006A4E64 /* DIContainer.swift in Sources */ = {isa = PBXBuildFile; fileRef = 447B7C4D2DD85802006A4E64 /* DIContainer.swift */; };
		447B7C522DD8593D006A4E64 /* Photo.swift in Sources */ = {isa = PBXBuildFile; fileRef = 447B7C512DD8593B006A4E64 /* Photo.swift */; };
		447B7C552DD85C89006A4E64 /* FetchPhotosUseCase.swift in Sources */ = {isa = PBXBuildFile; fileRef = 447B7C542DD85C88006A4E64 /* FetchPhotosUseCase.swift */; };
		447B7C572DD85C90006A4E64 /* SearchPhotosUseCase.swift in Sources */ = {isa = PBXBuildFile; fileRef = 447B7C562DD85C8F006A4E64 /* SearchPhotosUseCase.swift */; };
		447B7C5B2DD85CB6006A4E64 /* NetworkService.swift in Sources */ = {isa = PBXBuildFile; fileRef = 447B7C5A2DD85CB4006A4E64 /* NetworkService.swift */; };
		447B7C612DD85D2D006A4E64 /* PhotoListViewController.swift in Sources */ = {isa = PBXBuildFile; fileRef = 447B7C602DD85D2C006A4E64 /* PhotoListViewController.swift */; };
		447B7C632DD85D35006A4E64 /* PhotoListViewModel.swift in Sources */ = {isa = PBXBuildFile; fileRef = 447B7C622DD85D34006A4E64 /* PhotoListViewModel.swift */; };
		447B7C662DD85E8E006A4E64 /* PhotoRepositoryProtocol.swift in Sources */ = {isa = PBXBuildFile; fileRef = 447B7C652DD85E8A006A4E64 /* PhotoRepositoryProtocol.swift */; };
		447B7C682DD85E9F006A4E64 /* APIPhotoRepository.swift in Sources */ = {isa = PBXBuildFile; fileRef = 447B7C672DD85E9E006A4E64 /* APIPhotoRepository.swift */; };
		44E27EBD2DD8EB6D00D716A7 /* Observable.swift in Sources */ = {isa = PBXBuildFile; fileRef = 44E27EBC2DD8EB6C00D716A7 /* Observable.swift */; };
		44F41B3D2DD97C250040A64A /* PhotoTableViewCell.swift in Sources */ = {isa = PBXBuildFile; fileRef = 44F41B3C2DD97C250040A64A /* PhotoTableViewCell.swift */; };
		44F41B3F2DD97FD10040A64A /* Photo+Extensions.swift in Sources */ = {isa = PBXBuildFile; fileRef = 44F41B3E2DD97FD10040A64A /* Photo+Extensions.swift */; };
		44F41B412DD97FFD0040A64A /* UIScreen+Extensions.swift in Sources */ = {isa = PBXBuildFile; fileRef = 44F41B402DD97FFD0040A64A /* UIScreen+Extensions.swift */; };
		44F41B442DD9972C0040A64A /* Constants.swift in Sources */ = {isa = PBXBuildFile; fileRef = 44F41B422DD9972C0040A64A /* Constants.swift */; };
		44F41B472DD9B4A70040A64A /* Collection+Extensions.swift in Sources */ = {isa = PBXBuildFile; fileRef = 44F41B462DD9B49E0040A64A /* Collection+Extensions.swift */; };
		44F41B492DDA07CE0040A64A /* ImageLoader.swift in Sources */ = {isa = PBXBuildFile; fileRef = 44F41B482DDA07C90040A64A /* ImageLoader.swift */; };
		44F41B4B2DDA1BF50040A64A /* ThreadSafeDictionary.swift in Sources */ = {isa = PBXBuildFile; fileRef = 44F41B4A2DDA1BF30040A64A /* ThreadSafeDictionary.swift */; };
		44F41B4E2DDA4B310040A64A /* ImageCacheProtocol.swift in Sources */ = {isa = PBXBuildFile; fileRef = 44F41B4D2DDA4B270040A64A /* ImageCacheProtocol.swift */; };
		44F41B502DDA4BDA0040A64A /* MemoryImageCache.swift in Sources */ = {isa = PBXBuildFile; fileRef = 44F41B4F2DDA4BC90040A64A /* MemoryImageCache.swift */; };
		44F41B522DDA4DFF0040A64A /* ImageCacheManager.swift in Sources */ = {isa = PBXBuildFile; fileRef = 44F41B512DDA4DFD0040A64A /* ImageCacheManager.swift */; };
		44F41B542DDA57970040A64A /* DiskImageCache.swift in Sources */ = {isa = PBXBuildFile; fileRef = 44F41B532DDA57910040A64A /* DiskImageCache.swift */; };
		44F949EF2DDAE3DA00FF4E7E /* UISearchBar+Extensions.swift in Sources */ = {isa = PBXBuildFile; fileRef = 44F949EE2DDAE3D400FF4E7E /* UISearchBar+Extensions.swift */; };
		44F949F12DDAE7C300FF4E7E /* String+Extensions.swift in Sources */ = {isa = PBXBuildFile; fileRef = 44F949F02DDAE7BD00FF4E7E /* String+Extensions.swift */; };
		44F949F32DDB0B3B00FF4E7E /* SearchTextValidator.swift in Sources */ = {isa = PBXBuildFile; fileRef = 44F949F22DDB0B3900FF4E7E /* SearchTextValidator.swift */; };
		44F949F52DDB254B00FF4E7E /* InitializePhotosUseCase.swift in Sources */ = {isa = PBXBuildFile; fileRef = 44F949F42DDB254A00FF4E7E /* InitializePhotosUseCase.swift */; };
		44F949F72DDB25D000FF4E7E /* PhotoStorageRepositoryProtocol.swift in Sources */ = {isa = PBXBuildFile; fileRef = 44F949F62DDB25CF00FF4E7E /* PhotoStorageRepositoryProtocol.swift */; };
		44F949FE2DDB2EDD00FF4E7E /* LaunchViewModel.swift in Sources */ = {isa = PBXBuildFile; fileRef = 44F949FD2DDB2EDC00FF4E7E /* LaunchViewModel.swift */; };
		44F94A002DDB2F3200FF4E7E /* LaunchViewController.swift in Sources */ = {isa = PBXBuildFile; fileRef = 44F949FF2DDB2F3100FF4E7E /* LaunchViewController.swift */; };
		44F94A032DDB313F00FF4E7E /* CoreDataPhotoStorageRepository.swift in Sources */ = {isa = PBXBuildFile; fileRef = 44F94A022DDB313E00FF4E7E /* CoreDataPhotoStorageRepository.swift */; };
		44F94A062DDB317200FF4E7E /* CoreDataStack.swift in Sources */ = {isa = PBXBuildFile; fileRef = 44F94A052DDB317100FF4E7E /* CoreDataStack.swift */; };
		44F94A092DDB31BB00FF4E7E /* Model.xcdatamodeld in Sources */ = {isa = PBXBuildFile; fileRef = 44F94A072DDB31BB00FF4E7E /* Model.xcdatamodeld */; };
/* End PBXBuildFile section */

/* Begin PBXContainerItemProxy section */
		447B7BCE2DD8336B006A4E64 /* PBXContainerItemProxy */ = {
			isa = PBXContainerItemProxy;
			containerPortal = 447B7BAF2DD8336A006A4E64 /* Project object */;
			proxyType = 1;
			remoteGlobalIDString = 447B7BB62DD8336A006A4E64;
			remoteInfo = PicsumApp;
		};
		447B7BD82DD8336B006A4E64 /* PBXContainerItemProxy */ = {
			isa = PBXContainerItemProxy;
			containerPortal = 447B7BAF2DD8336A006A4E64 /* Project object */;
			proxyType = 1;
			remoteGlobalIDString = 447B7BB62DD8336A006A4E64;
			remoteInfo = PicsumApp;
		};
/* End PBXContainerItemProxy section */

/* Begin PBXFileReference section */
		446716A92DDC2C6D00C1B4DC /* ImageCacheManagerTests.swift */ = {isa = PBXFileReference; lastKnownFileType = sourcecode.swift; path = ImageCacheManagerTests.swift; sourceTree = "<group>"; };
		446716AC2DDC389400C1B4DC /* SearchTextValidatorTests.swift */ = {isa = PBXFileReference; lastKnownFileType = sourcecode.swift; path = SearchTextValidatorTests.swift; sourceTree = "<group>"; };
		447B7BB72DD8336A006A4E64 /* PicsumApp.app */ = {isa = PBXFileReference; explicitFileType = wrapper.application; includeInIndex = 0; path = PicsumApp.app; sourceTree = BUILT_PRODUCTS_DIR; };
		447B7BCD2DD8336B006A4E64 /* PicsumAppTests.xctest */ = {isa = PBXFileReference; explicitFileType = wrapper.cfbundle; includeInIndex = 0; path = PicsumAppTests.xctest; sourceTree = BUILT_PRODUCTS_DIR; };
		447B7BD72DD8336B006A4E64 /* PicsumAppUITests.xctest */ = {isa = PBXFileReference; explicitFileType = wrapper.cfbundle; includeInIndex = 0; path = PicsumAppUITests.xctest; sourceTree = BUILT_PRODUCTS_DIR; };
		447B7C372DD85753006A4E64 /* AppDelegate.swift */ = {isa = PBXFileReference; lastKnownFileType = sourcecode.swift; path = AppDelegate.swift; sourceTree = "<group>"; };
		447B7C382DD85753006A4E64 /* Assets.xcassets */ = {isa = PBXFileReference; lastKnownFileType = folder.assetcatalog; path = Assets.xcassets; sourceTree = "<group>"; };
		447B7C392DD85753006A4E64 /* Info.plist */ = {isa = PBXFileReference; lastKnownFileType = text.plist.xml; path = Info.plist; sourceTree = "<group>"; };
		447B7C3A2DD85753006A4E64 /* Base */ = {isa = PBXFileReference; lastKnownFileType = file.storyboard; name = Base; path = Base.lproj/LaunchScreen.storyboard; sourceTree = "<group>"; };
		447B7C432DD85756006A4E64 /* PicsumAppTests.swift */ = {isa = PBXFileReference; lastKnownFileType = sourcecode.swift; path = PicsumAppTests.swift; sourceTree = "<group>"; };
		447B7C462DD85758006A4E64 /* PicsumAppUITests.swift */ = {isa = PBXFileReference; lastKnownFileType = sourcecode.swift; path = PicsumAppUITests.swift; sourceTree = "<group>"; };
		447B7C472DD85758006A4E64 /* PicsumAppUITestsLaunchTests.swift */ = {isa = PBXFileReference; lastKnownFileType = sourcecode.swift; path = PicsumAppUITestsLaunchTests.swift; sourceTree = "<group>"; };
		447B7C4D2DD85802006A4E64 /* DIContainer.swift */ = {isa = PBXFileReference; lastKnownFileType = sourcecode.swift; path = DIContainer.swift; sourceTree = "<group>"; };
		447B7C512DD8593B006A4E64 /* Photo.swift */ = {isa = PBXFileReference; lastKnownFileType = sourcecode.swift; path = Photo.swift; sourceTree = "<group>"; };
		447B7C542DD85C88006A4E64 /* FetchPhotosUseCase.swift */ = {isa = PBXFileReference; lastKnownFileType = sourcecode.swift; path = FetchPhotosUseCase.swift; sourceTree = "<group>"; };
		447B7C562DD85C8F006A4E64 /* SearchPhotosUseCase.swift */ = {isa = PBXFileReference; lastKnownFileType = sourcecode.swift; path = SearchPhotosUseCase.swift; sourceTree = "<group>"; };
		447B7C5A2DD85CB4006A4E64 /* NetworkService.swift */ = {isa = PBXFileReference; lastKnownFileType = sourcecode.swift; path = NetworkService.swift; sourceTree = "<group>"; };
		447B7C602DD85D2C006A4E64 /* PhotoListViewController.swift */ = {isa = PBXFileReference; lastKnownFileType = sourcecode.swift; path = PhotoListViewController.swift; sourceTree = "<group>"; };
		447B7C622DD85D34006A4E64 /* PhotoListViewModel.swift */ = {isa = PBXFileReference; lastKnownFileType = sourcecode.swift; path = PhotoListViewModel.swift; sourceTree = "<group>"; };
		447B7C652DD85E8A006A4E64 /* PhotoRepositoryProtocol.swift */ = {isa = PBXFileReference; lastKnownFileType = sourcecode.swift; path = PhotoRepositoryProtocol.swift; sourceTree = "<group>"; };
		447B7C672DD85E9E006A4E64 /* APIPhotoRepository.swift */ = {isa = PBXFileReference; lastKnownFileType = sourcecode.swift; path = APIPhotoRepository.swift; sourceTree = "<group>"; };
		44E27EBC2DD8EB6C00D716A7 /* Observable.swift */ = {isa = PBXFileReference; lastKnownFileType = sourcecode.swift; path = Observable.swift; sourceTree = "<group>"; };
		44F41B3C2DD97C250040A64A /* PhotoTableViewCell.swift */ = {isa = PBXFileReference; lastKnownFileType = sourcecode.swift; path = PhotoTableViewCell.swift; sourceTree = "<group>"; };
		44F41B3E2DD97FD10040A64A /* Photo+Extensions.swift */ = {isa = PBXFileReference; lastKnownFileType = sourcecode.swift; path = "Photo+Extensions.swift"; sourceTree = "<group>"; };
		44F41B402DD97FFD0040A64A /* UIScreen+Extensions.swift */ = {isa = PBXFileReference; lastKnownFileType = sourcecode.swift; path = "UIScreen+Extensions.swift"; sourceTree = "<group>"; };
		44F41B422DD9972C0040A64A /* Constants.swift */ = {isa = PBXFileReference; lastKnownFileType = sourcecode.swift; path = Constants.swift; sourceTree = "<group>"; };
		44F41B462DD9B49E0040A64A /* Collection+Extensions.swift */ = {isa = PBXFileReference; lastKnownFileType = sourcecode.swift; path = "Collection+Extensions.swift"; sourceTree = "<group>"; };
		44F41B482DDA07C90040A64A /* ImageLoader.swift */ = {isa = PBXFileReference; lastKnownFileType = sourcecode.swift; path = ImageLoader.swift; sourceTree = "<group>"; };
		44F41B4A2DDA1BF30040A64A /* ThreadSafeDictionary.swift */ = {isa = PBXFileReference; lastKnownFileType = sourcecode.swift; path = ThreadSafeDictionary.swift; sourceTree = "<group>"; };
		44F41B4D2DDA4B270040A64A /* ImageCacheProtocol.swift */ = {isa = PBXFileReference; lastKnownFileType = sourcecode.swift; path = ImageCacheProtocol.swift; sourceTree = "<group>"; };
		44F41B4F2DDA4BC90040A64A /* MemoryImageCache.swift */ = {isa = PBXFileReference; lastKnownFileType = sourcecode.swift; path = MemoryImageCache.swift; sourceTree = "<group>"; };
		44F41B512DDA4DFD0040A64A /* ImageCacheManager.swift */ = {isa = PBXFileReference; lastKnownFileType = sourcecode.swift; path = ImageCacheManager.swift; sourceTree = "<group>"; };
		44F41B532DDA57910040A64A /* DiskImageCache.swift */ = {isa = PBXFileReference; lastKnownFileType = sourcecode.swift; path = DiskImageCache.swift; sourceTree = "<group>"; };
		44F949EE2DDAE3D400FF4E7E /* UISearchBar+Extensions.swift */ = {isa = PBXFileReference; lastKnownFileType = sourcecode.swift; path = "UISearchBar+Extensions.swift"; sourceTree = "<group>"; };
		44F949F02DDAE7BD00FF4E7E /* String+Extensions.swift */ = {isa = PBXFileReference; lastKnownFileType = sourcecode.swift; path = "String+Extensions.swift"; sourceTree = "<group>"; };
		44F949F22DDB0B3900FF4E7E /* SearchTextValidator.swift */ = {isa = PBXFileReference; lastKnownFileType = sourcecode.swift; path = SearchTextValidator.swift; sourceTree = "<group>"; };
		44F949F42DDB254A00FF4E7E /* InitializePhotosUseCase.swift */ = {isa = PBXFileReference; lastKnownFileType = sourcecode.swift; path = InitializePhotosUseCase.swift; sourceTree = "<group>"; };
		44F949F62DDB25CF00FF4E7E /* PhotoStorageRepositoryProtocol.swift */ = {isa = PBXFileReference; lastKnownFileType = sourcecode.swift; path = PhotoStorageRepositoryProtocol.swift; sourceTree = "<group>"; };
		44F949FD2DDB2EDC00FF4E7E /* LaunchViewModel.swift */ = {isa = PBXFileReference; lastKnownFileType = sourcecode.swift; path = LaunchViewModel.swift; sourceTree = "<group>"; };
		44F949FF2DDB2F3100FF4E7E /* LaunchViewController.swift */ = {isa = PBXFileReference; lastKnownFileType = sourcecode.swift; path = LaunchViewController.swift; sourceTree = "<group>"; };
		44F94A022DDB313E00FF4E7E /* CoreDataPhotoStorageRepository.swift */ = {isa = PBXFileReference; lastKnownFileType = sourcecode.swift; path = CoreDataPhotoStorageRepository.swift; sourceTree = "<group>"; };
		44F94A052DDB317100FF4E7E /* CoreDataStack.swift */ = {isa = PBXFileReference; lastKnownFileType = sourcecode.swift; path = CoreDataStack.swift; sourceTree = "<group>"; };
		44F94A082DDB31BB00FF4E7E /* Model.xcdatamodel */ = {isa = PBXFileReference; lastKnownFileType = wrapper.xcdatamodel; path = Model.xcdatamodel; sourceTree = "<group>"; };
/* End PBXFileReference section */

/* Begin PBXFrameworksBuildPhase section */
		447B7BB42DD8336A006A4E64 /* Frameworks */ = {
			isa = PBXFrameworksBuildPhase;
			buildActionMask = 2147483647;
			files = (
			);
			runOnlyForDeploymentPostprocessing = 0;
		};
		447B7BCA2DD8336B006A4E64 /* Frameworks */ = {
			isa = PBXFrameworksBuildPhase;
			buildActionMask = 2147483647;
			files = (
			);
			runOnlyForDeploymentPostprocessing = 0;
		};
		447B7BD42DD8336B006A4E64 /* Frameworks */ = {
			isa = PBXFrameworksBuildPhase;
			buildActionMask = 2147483647;
			files = (
			);
			runOnlyForDeploymentPostprocessing = 0;
		};
/* End PBXFrameworksBuildPhase section */

/* Begin PBXGroup section */
		446716A32DDC2BA000C1B4DC /* Cache */ = {
			isa = PBXGroup;
			children = (
				446716A92DDC2C6D00C1B4DC /* ImageCacheManagerTests.swift */,
			);
			path = Cache;
			sourceTree = "<group>";
		};
		446716AB2DDC37F900C1B4DC /* Utils */ = {
			isa = PBXGroup;
			children = (
				446716AC2DDC389400C1B4DC /* SearchTextValidatorTests.swift */,
			);
			path = Utils;
			sourceTree = "<group>";
		};
		447B7BAE2DD8336A006A4E64 = {
			isa = PBXGroup;
			children = (
				447B7C3D2DD85753006A4E64 /* PicsumApp */,
				447B7C442DD85756006A4E64 /* PicsumAppTests */,
				447B7C482DD85758006A4E64 /* PicsumAppUITests */,
				447B7BB82DD8336A006A4E64 /* Products */,
			);
			sourceTree = "<group>";
		};
		447B7BB82DD8336A006A4E64 /* Products */ = {
			isa = PBXGroup;
			children = (
				447B7BB72DD8336A006A4E64 /* PicsumApp.app */,
				447B7BCD2DD8336B006A4E64 /* PicsumAppTests.xctest */,
				447B7BD72DD8336B006A4E64 /* PicsumAppUITests.xctest */,
			);
			name = Products;
			sourceTree = "<group>";
		};
		447B7C3D2DD85753006A4E64 /* PicsumApp */ = {
			isa = PBXGroup;
			children = (
				44F41B4C2DDA49750040A64A /* Cache */,
				44F41B452DD9B4100040A64A /* Extensions */,
				44E27EBB2DD8EB6200D716A7 /* Utils */,
				447B7C5C2DD85CFF006A4E64 /* Presentation */,
				44F41B432DD9972C0040A64A /* Common */,
				447B7C582DD85C9A006A4E64 /* Data */,
				447B7C4F2DD8592C006A4E64 /* Domain */,
				447B7C4B2DD8575B006A4E64 /* Application */,
				447B7C382DD85753006A4E64 /* Assets.xcassets */,
				447B7C392DD85753006A4E64 /* Info.plist */,
				447B7C3B2DD85753006A4E64 /* LaunchScreen.storyboard */,
			);
			path = PicsumApp;
			sourceTree = "<group>";
		};
		447B7C442DD85756006A4E64 /* PicsumAppTests */ = {
			isa = PBXGroup;
			children = (
				446716AB2DDC37F900C1B4DC /* Utils */,
				446716A32DDC2BA000C1B4DC /* Cache */,
				447B7C432DD85756006A4E64 /* PicsumAppTests.swift */,
			);
			path = PicsumAppTests;
			sourceTree = "<group>";
		};
		447B7C482DD85758006A4E64 /* PicsumAppUITests */ = {
			isa = PBXGroup;
			children = (
				447B7C462DD85758006A4E64 /* PicsumAppUITests.swift */,
				447B7C472DD85758006A4E64 /* PicsumAppUITestsLaunchTests.swift */,
			);
			path = PicsumAppUITests;
			sourceTree = "<group>";
		};
		447B7C4B2DD8575B006A4E64 /* Application */ = {
			isa = PBXGroup;
			children = (
				447B7C4D2DD85802006A4E64 /* DIContainer.swift */,
				447B7C372DD85753006A4E64 /* AppDelegate.swift */,
			);
			path = Application;
			sourceTree = "<group>";
		};
		447B7C4F2DD8592C006A4E64 /* Domain */ = {
			isa = PBXGroup;
			children = (
				447B7C532DD85C80006A4E64 /* UseCases */,
				447B7C502DD85931006A4E64 /* Entities */,
			);
			path = Domain;
			sourceTree = "<group>";
		};
		447B7C502DD85931006A4E64 /* Entities */ = {
			isa = PBXGroup;
			children = (
				447B7C512DD8593B006A4E64 /* Photo.swift */,
				44F41B3E2DD97FD10040A64A /* Photo+Extensions.swift */,
			);
			path = Entities;
			sourceTree = "<group>";
		};
		447B7C532DD85C80006A4E64 /* UseCases */ = {
			isa = PBXGroup;
			children = (
				44F949F42DDB254A00FF4E7E /* InitializePhotosUseCase.swift */,
				447B7C562DD85C8F006A4E64 /* SearchPhotosUseCase.swift */,
				447B7C542DD85C88006A4E64 /* FetchPhotosUseCase.swift */,
			);
			path = UseCases;
			sourceTree = "<group>";
		};
		447B7C582DD85C9A006A4E64 /* Data */ = {
			isa = PBXGroup;
			children = (
				44F94A012DDB313300FF4E7E /* Storage */,
				447B7C642DD85E69006A4E64 /* Repositories */,
				447B7C592DD85CA2006A4E64 /* Network */,
			);
			path = Data;
			sourceTree = "<group>";
		};
		447B7C592DD85CA2006A4E64 /* Network */ = {
			isa = PBXGroup;
			children = (
				44F41B482DDA07C90040A64A /* ImageLoader.swift */,
				447B7C5A2DD85CB4006A4E64 /* NetworkService.swift */,
			);
			path = Network;
			sourceTree = "<group>";
		};
		447B7C5C2DD85CFF006A4E64 /* Presentation */ = {
			isa = PBXGroup;
			children = (
				44F949F82DDB2EB500FF4E7E /* Launch */,
				447B7C5D2DD85D0A006A4E64 /* PhotoList */,
			);
			path = Presentation;
			sourceTree = "<group>";
		};
		447B7C5D2DD85D0A006A4E64 /* PhotoList */ = {
			isa = PBXGroup;
			children = (
				447B7C5F2DD85D18006A4E64 /* ViewModels */,
				447B7C5E2DD85D11006A4E64 /* Views */,
			);
			path = PhotoList;
			sourceTree = "<group>";
		};
		447B7C5E2DD85D11006A4E64 /* Views */ = {
			isa = PBXGroup;
			children = (
				447B7C602DD85D2C006A4E64 /* PhotoListViewController.swift */,
				44F41B3C2DD97C250040A64A /* PhotoTableViewCell.swift */,
			);
			path = Views;
			sourceTree = "<group>";
		};
		447B7C5F2DD85D18006A4E64 /* ViewModels */ = {
			isa = PBXGroup;
			children = (
				447B7C622DD85D34006A4E64 /* PhotoListViewModel.swift */,
			);
			path = ViewModels;
			sourceTree = "<group>";
		};
		447B7C642DD85E69006A4E64 /* Repositories */ = {
			isa = PBXGroup;
			children = (
				44F94A0E2DDB375000FF4E7E /* Protocol */,
				447B7C672DD85E9E006A4E64 /* APIPhotoRepository.swift */,
				44F94A022DDB313E00FF4E7E /* CoreDataPhotoStorageRepository.swift */,
			);
			path = Repositories;
			sourceTree = "<group>";
		};
		44E27EBB2DD8EB6200D716A7 /* Utils */ = {
			isa = PBXGroup;
			children = (
				44F949F22DDB0B3900FF4E7E /* SearchTextValidator.swift */,
				44F41B4A2DDA1BF30040A64A /* ThreadSafeDictionary.swift */,
				44E27EBC2DD8EB6C00D716A7 /* Observable.swift */,
			);
			path = Utils;
			sourceTree = "<group>";
		};
		44F41B432DD9972C0040A64A /* Common */ = {
			isa = PBXGroup;
			children = (
				44F41B422DD9972C0040A64A /* Constants.swift */,
			);
			path = Common;
			sourceTree = "<group>";
		};
		44F41B452DD9B4100040A64A /* Extensions */ = {
			isa = PBXGroup;
			children = (
				44F949F02DDAE7BD00FF4E7E /* String+Extensions.swift */,
				44F949EE2DDAE3D400FF4E7E /* UISearchBar+Extensions.swift */,
				44F41B462DD9B49E0040A64A /* Collection+Extensions.swift */,
				44F41B402DD97FFD0040A64A /* UIScreen+Extensions.swift */,
			);
			path = Extensions;
			sourceTree = "<group>";
		};
		44F41B4C2DDA49750040A64A /* Cache */ = {
			isa = PBXGroup;
			children = (
				44F41B532DDA57910040A64A /* DiskImageCache.swift */,
				44F41B512DDA4DFD0040A64A /* ImageCacheManager.swift */,
				44F41B4F2DDA4BC90040A64A /* MemoryImageCache.swift */,
				44F41B4D2DDA4B270040A64A /* ImageCacheProtocol.swift */,
			);
			path = Cache;
			sourceTree = "<group>";
		};
		44F949F82DDB2EB500FF4E7E /* Launch */ = {
			isa = PBXGroup;
			children = (
				44F949FC2DDB2ED500FF4E7E /* ViewModels */,
				44F949FB2DDB2ED100FF4E7E /* Views */,
			);
			path = Launch;
			sourceTree = "<group>";
		};
		44F949FB2DDB2ED100FF4E7E /* Views */ = {
			isa = PBXGroup;
			children = (
				44F949FF2DDB2F3100FF4E7E /* LaunchViewController.swift */,
			);
			path = Views;
			sourceTree = "<group>";
		};
		44F949FC2DDB2ED500FF4E7E /* ViewModels */ = {
			isa = PBXGroup;
			children = (
				44F949FD2DDB2EDC00FF4E7E /* LaunchViewModel.swift */,
			);
			path = ViewModels;
			sourceTree = "<group>";
		};
		44F94A012DDB313300FF4E7E /* Storage */ = {
			isa = PBXGroup;
			children = (
				44F94A042DDB316B00FF4E7E /* CoreData */,
			);
			path = Storage;
			sourceTree = "<group>";
		};
		44F94A042DDB316B00FF4E7E /* CoreData */ = {
			isa = PBXGroup;
			children = (
				44F94A052DDB317100FF4E7E /* CoreDataStack.swift */,
				44F94A072DDB31BB00FF4E7E /* Model.xcdatamodeld */,
			);
			path = CoreData;
			sourceTree = "<group>";
		};
		44F94A0E2DDB375000FF4E7E /* Protocol */ = {
			isa = PBXGroup;
			children = (
				447B7C652DD85E8A006A4E64 /* PhotoRepositoryProtocol.swift */,
				44F949F62DDB25CF00FF4E7E /* PhotoStorageRepositoryProtocol.swift */,
			);
			path = Protocol;
			sourceTree = "<group>";
		};
/* End PBXGroup section */

/* Begin PBXNativeTarget section */
		447B7BB62DD8336A006A4E64 /* PicsumApp */ = {
			isa = PBXNativeTarget;
			buildConfigurationList = 447B7BE02DD8336B006A4E64 /* Build configuration list for PBXNativeTarget "PicsumApp" */;
			buildPhases = (
				447B7BB32DD8336A006A4E64 /* Sources */,
				447B7BB42DD8336A006A4E64 /* Frameworks */,
				447B7BB52DD8336A006A4E64 /* Resources */,
			);
			buildRules = (
			);
			dependencies = (
			);
			name = PicsumApp;
			packageProductDependencies = (
			);
			productName = PicsumApp;
			productReference = 447B7BB72DD8336A006A4E64 /* PicsumApp.app */;
			productType = "com.apple.product-type.application";
		};
		447B7BCC2DD8336B006A4E64 /* PicsumAppTests */ = {
			isa = PBXNativeTarget;
			buildConfigurationList = 447B7BE52DD8336B006A4E64 /* Build configuration list for PBXNativeTarget "PicsumAppTests" */;
			buildPhases = (
				447B7BC92DD8336B006A4E64 /* Sources */,
				447B7BCA2DD8336B006A4E64 /* Frameworks */,
				447B7BCB2DD8336B006A4E64 /* Resources */,
			);
			buildRules = (
			);
			dependencies = (
				447B7BCF2DD8336B006A4E64 /* PBXTargetDependency */,
			);
			name = PicsumAppTests;
			packageProductDependencies = (
			);
			productName = PicsumAppTests;
			productReference = 447B7BCD2DD8336B006A4E64 /* PicsumAppTests.xctest */;
			productType = "com.apple.product-type.bundle.unit-test";
		};
		447B7BD62DD8336B006A4E64 /* PicsumAppUITests */ = {
			isa = PBXNativeTarget;
			buildConfigurationList = 447B7BE82DD8336B006A4E64 /* Build configuration list for PBXNativeTarget "PicsumAppUITests" */;
			buildPhases = (
				447B7BD32DD8336B006A4E64 /* Sources */,
				447B7BD42DD8336B006A4E64 /* Frameworks */,
				447B7BD52DD8336B006A4E64 /* Resources */,
			);
			buildRules = (
			);
			dependencies = (
				447B7BD92DD8336B006A4E64 /* PBXTargetDependency */,
			);
			name = PicsumAppUITests;
			packageProductDependencies = (
			);
			productName = PicsumAppUITests;
			productReference = 447B7BD72DD8336B006A4E64 /* PicsumAppUITests.xctest */;
			productType = "com.apple.product-type.bundle.ui-testing";
		};
/* End PBXNativeTarget section */

/* Begin PBXProject section */
		447B7BAF2DD8336A006A4E64 /* Project object */ = {
			isa = PBXProject;
			attributes = {
				BuildIndependentTargetsInParallel = 1;
				LastSwiftUpdateCheck = 1600;
				LastUpgradeCheck = 1600;
				TargetAttributes = {
					447B7BB62DD8336A006A4E64 = {
						CreatedOnToolsVersion = 16.0;
					};
					447B7BCC2DD8336B006A4E64 = {
						CreatedOnToolsVersion = 16.0;
						TestTargetID = 447B7BB62DD8336A006A4E64;
					};
					447B7BD62DD8336B006A4E64 = {
						CreatedOnToolsVersion = 16.0;
						TestTargetID = 447B7BB62DD8336A006A4E64;
					};
				};
			};
			buildConfigurationList = 447B7BB22DD8336A006A4E64 /* Build configuration list for PBXProject "PicsumApp" */;
			developmentRegion = en;
			hasScannedForEncodings = 0;
			knownRegions = (
				en,
				Base,
			);
			mainGroup = 447B7BAE2DD8336A006A4E64;
			minimizedProjectReferenceProxies = 1;
			preferredProjectObjectVersion = 77;
			productRefGroup = 447B7BB82DD8336A006A4E64 /* Products */;
			projectDirPath = "";
			projectRoot = "";
			targets = (
				447B7BB62DD8336A006A4E64 /* PicsumApp */,
				447B7BCC2DD8336B006A4E64 /* PicsumAppTests */,
				447B7BD62DD8336B006A4E64 /* PicsumAppUITests */,
			);
		};
/* End PBXProject section */

/* Begin PBXResourcesBuildPhase section */
		447B7BB52DD8336A006A4E64 /* Resources */ = {
			isa = PBXResourcesBuildPhase;
			buildActionMask = 2147483647;
			files = (
				447B7C402DD85753006A4E64 /* Assets.xcassets in Resources */,
				447B7C422DD85753006A4E64 /* LaunchScreen.storyboard in Resources */,
			);
			runOnlyForDeploymentPostprocessing = 0;
		};
		447B7BCB2DD8336B006A4E64 /* Resources */ = {
			isa = PBXResourcesBuildPhase;
			buildActionMask = 2147483647;
			files = (
			);
			runOnlyForDeploymentPostprocessing = 0;
		};
		447B7BD52DD8336B006A4E64 /* Resources */ = {
			isa = PBXResourcesBuildPhase;
			buildActionMask = 2147483647;
			files = (
			);
			runOnlyForDeploymentPostprocessing = 0;
		};
/* End PBXResourcesBuildPhase section */

/* Begin PBXSourcesBuildPhase section */
		447B7BB32DD8336A006A4E64 /* Sources */ = {
			isa = PBXSourcesBuildPhase;
			buildActionMask = 2147483647;
			files = (
				447B7C522DD8593D006A4E64 /* Photo.swift in Sources */,
				44F949EF2DDAE3DA00FF4E7E /* UISearchBar+Extensions.swift in Sources */,
				447B7C552DD85C89006A4E64 /* FetchPhotosUseCase.swift in Sources */,
				44F41B3F2DD97FD10040A64A /* Photo+Extensions.swift in Sources */,
				44F949F12DDAE7C300FF4E7E /* String+Extensions.swift in Sources */,
				447B7C572DD85C90006A4E64 /* SearchPhotosUseCase.swift in Sources */,
				44F41B4B2DDA1BF50040A64A /* ThreadSafeDictionary.swift in Sources */,
				44F41B502DDA4BDA0040A64A /* MemoryImageCache.swift in Sources */,
				447B7C3E2DD85753006A4E64 /* AppDelegate.swift in Sources */,
				44F94A062DDB317200FF4E7E /* CoreDataStack.swift in Sources */,
				44F41B442DD9972C0040A64A /* Constants.swift in Sources */,
				44F41B522DDA4DFF0040A64A /* ImageCacheManager.swift in Sources */,
				44F94A002DDB2F3200FF4E7E /* LaunchViewController.swift in Sources */,
				44F41B4E2DDA4B310040A64A /* ImageCacheProtocol.swift in Sources */,
				44F949F32DDB0B3B00FF4E7E /* SearchTextValidator.swift in Sources */,
				44E27EBD2DD8EB6D00D716A7 /* Observable.swift in Sources */,
				44F949F52DDB254B00FF4E7E /* InitializePhotosUseCase.swift in Sources */,
				44F41B542DDA57970040A64A /* DiskImageCache.swift in Sources */,
				44F949F72DDB25D000FF4E7E /* PhotoStorageRepositoryProtocol.swift in Sources */,
				447B7C662DD85E8E006A4E64 /* PhotoRepositoryProtocol.swift in Sources */,
				44F41B412DD97FFD0040A64A /* UIScreen+Extensions.swift in Sources */,
				44F41B472DD9B4A70040A64A /* Collection+Extensions.swift in Sources */,
				447B7C632DD85D35006A4E64 /* PhotoListViewModel.swift in Sources */,
				44F41B492DDA07CE0040A64A /* ImageLoader.swift in Sources */,
				447B7C612DD85D2D006A4E64 /* PhotoListViewController.swift in Sources */,
				44F949FE2DDB2EDD00FF4E7E /* LaunchViewModel.swift in Sources */,
				44F94A032DDB313F00FF4E7E /* CoreDataPhotoStorageRepository.swift in Sources */,
				44F94A092DDB31BB00FF4E7E /* Model.xcdatamodeld in Sources */,
				447B7C4E2DD85806006A4E64 /* DIContainer.swift in Sources */,
				44F41B3D2DD97C250040A64A /* PhotoTableViewCell.swift in Sources */,
				447B7C682DD85E9F006A4E64 /* APIPhotoRepository.swift in Sources */,
				447B7C5B2DD85CB6006A4E64 /* NetworkService.swift in Sources */,
			);
			runOnlyForDeploymentPostprocessing = 0;
		};
		447B7BC92DD8336B006A4E64 /* Sources */ = {
			isa = PBXSourcesBuildPhase;
			buildActionMask = 2147483647;
			files = (
				446716AA2DDC2C6D00C1B4DC /* ImageCacheManagerTests.swift in Sources */,
				447B7C452DD85756006A4E64 /* PicsumAppTests.swift in Sources */,
				446716AD2DDC389400C1B4DC /* SearchTextValidatorTests.swift in Sources */,
			);
			runOnlyForDeploymentPostprocessing = 0;
		};
		447B7BD32DD8336B006A4E64 /* Sources */ = {
			isa = PBXSourcesBuildPhase;
			buildActionMask = 2147483647;
			files = (
				447B7C492DD85758006A4E64 /* PicsumAppUITests.swift in Sources */,
				447B7C4A2DD85758006A4E64 /* PicsumAppUITestsLaunchTests.swift in Sources */,
			);
			runOnlyForDeploymentPostprocessing = 0;
		};
/* End PBXSourcesBuildPhase section */

/* Begin PBXTargetDependency section */
		447B7BCF2DD8336B006A4E64 /* PBXTargetDependency */ = {
			isa = PBXTargetDependency;
			target = 447B7BB62DD8336A006A4E64 /* PicsumApp */;
			targetProxy = 447B7BCE2DD8336B006A4E64 /* PBXContainerItemProxy */;
		};
		447B7BD92DD8336B006A4E64 /* PBXTargetDependency */ = {
			isa = PBXTargetDependency;
			target = 447B7BB62DD8336A006A4E64 /* PicsumApp */;
			targetProxy = 447B7BD82DD8336B006A4E64 /* PBXContainerItemProxy */;
		};
/* End PBXTargetDependency section */

/* Begin PBXVariantGroup section */
		447B7C3B2DD85753006A4E64 /* LaunchScreen.storyboard */ = {
			isa = PBXVariantGroup;
			children = (
				447B7C3A2DD85753006A4E64 /* Base */,
			);
			name = LaunchScreen.storyboard;
			sourceTree = "<group>";
		};
/* End PBXVariantGroup section */

/* Begin XCBuildConfiguration section */
		447B7BE12DD8336B006A4E64 /* Debug */ = {
			isa = XCBuildConfiguration;
			buildSettings = {
				ASSETCATALOG_COMPILER_APPICON_NAME = AppIcon;
				ASSETCATALOG_COMPILER_GLOBAL_ACCENT_COLOR_NAME = AccentColor;
				CODE_SIGN_STYLE = Automatic;
				CURRENT_PROJECT_VERSION = 1;
				DEVELOPMENT_TEAM = 6BA588Z4PT;
				GENERATE_INFOPLIST_FILE = YES;
				INFOPLIST_FILE = PicsumApp/Info.plist;
				INFOPLIST_KEY_UIApplicationSupportsIndirectInputEvents = YES;
				INFOPLIST_KEY_UILaunchStoryboardName = LaunchScreen;
				INFOPLIST_KEY_UISupportedInterfaceOrientations_iPad = "UIInterfaceOrientationPortrait UIInterfaceOrientationPortraitUpsideDown UIInterfaceOrientationLandscapeLeft UIInterfaceOrientationLandscapeRight";
				INFOPLIST_KEY_UISupportedInterfaceOrientations_iPhone = "UIInterfaceOrientationPortrait UIInterfaceOrientationLandscapeLeft UIInterfaceOrientationLandscapeRight";
				IPHONEOS_DEPLOYMENT_TARGET = 12.0;
				LD_RUNPATH_SEARCH_PATHS = (
					"$(inherited)",
					"@executable_path/Frameworks",
				);
				MARKETING_VERSION = 1.0;
				PRODUCT_BUNDLE_IDENTIFIER = com.bn2002.PicsumApp;
				PRODUCT_NAME = "$(TARGET_NAME)";
				SWIFT_EMIT_LOC_STRINGS = YES;
				SWIFT_VERSION = 5.0;
				TARGETED_DEVICE_FAMILY = "1,2";
			};
			name = Debug;
		};
		447B7BE22DD8336B006A4E64 /* Release */ = {
			isa = XCBuildConfiguration;
			buildSettings = {
				ASSETCATALOG_COMPILER_APPICON_NAME = AppIcon;
				ASSETCATALOG_COMPILER_GLOBAL_ACCENT_COLOR_NAME = AccentColor;
				CODE_SIGN_STYLE = Automatic;
				CURRENT_PROJECT_VERSION = 1;
				DEVELOPMENT_TEAM = 6BA588Z4PT;
				GENERATE_INFOPLIST_FILE = YES;
				INFOPLIST_FILE = PicsumApp/Info.plist;
				INFOPLIST_KEY_UIApplicationSupportsIndirectInputEvents = YES;
				INFOPLIST_KEY_UILaunchStoryboardName = LaunchScreen;
				INFOPLIST_KEY_UISupportedInterfaceOrientations_iPad = "UIInterfaceOrientationPortrait UIInterfaceOrientationPortraitUpsideDown UIInterfaceOrientationLandscapeLeft UIInterfaceOrientationLandscapeRight";
				INFOPLIST_KEY_UISupportedInterfaceOrientations_iPhone = "UIInterfaceOrientationPortrait UIInterfaceOrientationLandscapeLeft UIInterfaceOrientationLandscapeRight";
				IPHONEOS_DEPLOYMENT_TARGET = 12.0;
				LD_RUNPATH_SEARCH_PATHS = (
					"$(inherited)",
					"@executable_path/Frameworks",
				);
				MARKETING_VERSION = 1.0;
				PRODUCT_BUNDLE_IDENTIFIER = com.bn2002.PicsumApp;
				PRODUCT_NAME = "$(TARGET_NAME)";
				SWIFT_EMIT_LOC_STRINGS = YES;
				SWIFT_VERSION = 5.0;
				TARGETED_DEVICE_FAMILY = "1,2";
			};
			name = Release;
		};
		447B7BE32DD8336B006A4E64 /* Debug */ = {
			isa = XCBuildConfiguration;
			buildSettings = {
				ALWAYS_SEARCH_USER_PATHS = NO;
				ASSETCATALOG_COMPILER_GENERATE_SWIFT_ASSET_SYMBOL_EXTENSIONS = YES;
				CLANG_ANALYZER_NONNULL = YES;
				CLANG_ANALYZER_NUMBER_OBJECT_CONVERSION = YES_AGGRESSIVE;
				CLANG_CXX_LANGUAGE_STANDARD = "gnu++20";
				CLANG_ENABLE_MODULES = YES;
				CLANG_ENABLE_OBJC_ARC = YES;
				CLANG_ENABLE_OBJC_WEAK = YES;
				CLANG_WARN_BLOCK_CAPTURE_AUTORELEASING = YES;
				CLANG_WARN_BOOL_CONVERSION = YES;
				CLANG_WARN_COMMA = YES;
				CLANG_WARN_CONSTANT_CONVERSION = YES;
				CLANG_WARN_DEPRECATED_OBJC_IMPLEMENTATIONS = YES;
				CLANG_WARN_DIRECT_OBJC_ISA_USAGE = YES_ERROR;
				CLANG_WARN_DOCUMENTATION_COMMENTS = YES;
				CLANG_WARN_EMPTY_BODY = YES;
				CLANG_WARN_ENUM_CONVERSION = YES;
				CLANG_WARN_INFINITE_RECURSION = YES;
				CLANG_WARN_INT_CONVERSION = YES;
				CLANG_WARN_NON_LITERAL_NULL_CONVERSION = YES;
				CLANG_WARN_OBJC_IMPLICIT_RETAIN_SELF = YES;
				CLANG_WARN_OBJC_LITERAL_CONVERSION = YES;
				CLANG_WARN_OBJC_ROOT_CLASS = YES_ERROR;
				CLANG_WARN_QUOTED_INCLUDE_IN_FRAMEWORK_HEADER = YES;
				CLANG_WARN_RANGE_LOOP_ANALYSIS = YES;
				CLANG_WARN_STRICT_PROTOTYPES = YES;
				CLANG_WARN_SUSPICIOUS_MOVE = YES;
				CLANG_WARN_UNGUARDED_AVAILABILITY = YES_AGGRESSIVE;
				CLANG_WARN_UNREACHABLE_CODE = YES;
				CLANG_WARN__DUPLICATE_METHOD_MATCH = YES;
				COPY_PHASE_STRIP = NO;
				DEBUG_INFORMATION_FORMAT = dwarf;
				ENABLE_STRICT_OBJC_MSGSEND = YES;
				ENABLE_TESTABILITY = YES;
				ENABLE_USER_SCRIPT_SANDBOXING = YES;
				GCC_C_LANGUAGE_STANDARD = gnu17;
				GCC_DYNAMIC_NO_PIC = NO;
				GCC_NO_COMMON_BLOCKS = YES;
				GCC_OPTIMIZATION_LEVEL = 0;
				GCC_PREPROCESSOR_DEFINITIONS = (
					"DEBUG=1",
					"$(inherited)",
				);
				GCC_WARN_64_TO_32_BIT_CONVERSION = YES;
				GCC_WARN_ABOUT_RETURN_TYPE = YES_ERROR;
				GCC_WARN_UNDECLARED_SELECTOR = YES;
				GCC_WARN_UNINITIALIZED_AUTOS = YES_AGGRESSIVE;
				GCC_WARN_UNUSED_FUNCTION = YES;
				GCC_WARN_UNUSED_VARIABLE = YES;
				IPHONEOS_DEPLOYMENT_TARGET = 18.0;
				LOCALIZATION_PREFERS_STRING_CATALOGS = YES;
				MTL_ENABLE_DEBUG_INFO = INCLUDE_SOURCE;
				MTL_FAST_MATH = YES;
				ONLY_ACTIVE_ARCH = YES;
				SDKROOT = iphoneos;
				SWIFT_ACTIVE_COMPILATION_CONDITIONS = "DEBUG $(inherited)";
				SWIFT_OPTIMIZATION_LEVEL = "-Onone";
			};
			name = Debug;
		};
		447B7BE42DD8336B006A4E64 /* Release */ = {
			isa = XCBuildConfiguration;
			buildSettings = {
				ALWAYS_SEARCH_USER_PATHS = NO;
				ASSETCATALOG_COMPILER_GENERATE_SWIFT_ASSET_SYMBOL_EXTENSIONS = YES;
				CLANG_ANALYZER_NONNULL = YES;
				CLANG_ANALYZER_NUMBER_OBJECT_CONVERSION = YES_AGGRESSIVE;
				CLANG_CXX_LANGUAGE_STANDARD = "gnu++20";
				CLANG_ENABLE_MODULES = YES;
				CLANG_ENABLE_OBJC_ARC = YES;
				CLANG_ENABLE_OBJC_WEAK = YES;
				CLANG_WARN_BLOCK_CAPTURE_AUTORELEASING = YES;
				CLANG_WARN_BOOL_CONVERSION = YES;
				CLANG_WARN_COMMA = YES;
				CLANG_WARN_CONSTANT_CONVERSION = YES;
				CLANG_WARN_DEPRECATED_OBJC_IMPLEMENTATIONS = YES;
				CLANG_WARN_DIRECT_OBJC_ISA_USAGE = YES_ERROR;
				CLANG_WARN_DOCUMENTATION_COMMENTS = YES;
				CLANG_WARN_EMPTY_BODY = YES;
				CLANG_WARN_ENUM_CONVERSION = YES;
				CLANG_WARN_INFINITE_RECURSION = YES;
				CLANG_WARN_INT_CONVERSION = YES;
				CLANG_WARN_NON_LITERAL_NULL_CONVERSION = YES;
				CLANG_WARN_OBJC_IMPLICIT_RETAIN_SELF = YES;
				CLANG_WARN_OBJC_LITERAL_CONVERSION = YES;
				CLANG_WARN_OBJC_ROOT_CLASS = YES_ERROR;
				CLANG_WARN_QUOTED_INCLUDE_IN_FRAMEWORK_HEADER = YES;
				CLANG_WARN_RANGE_LOOP_ANALYSIS = YES;
				CLANG_WARN_STRICT_PROTOTYPES = YES;
				CLANG_WARN_SUSPICIOUS_MOVE = YES;
				CLANG_WARN_UNGUARDED_AVAILABILITY = YES_AGGRESSIVE;
				CLANG_WARN_UNREACHABLE_CODE = YES;
				CLANG_WARN__DUPLICATE_METHOD_MATCH = YES;
				COPY_PHASE_STRIP = NO;
				DEBUG_INFORMATION_FORMAT = "dwarf-with-dsym";
				ENABLE_NS_ASSERTIONS = NO;
				ENABLE_STRICT_OBJC_MSGSEND = YES;
				ENABLE_USER_SCRIPT_SANDBOXING = YES;
				GCC_C_LANGUAGE_STANDARD = gnu17;
				GCC_NO_COMMON_BLOCKS = YES;
				GCC_WARN_64_TO_32_BIT_CONVERSION = YES;
				GCC_WARN_ABOUT_RETURN_TYPE = YES_ERROR;
				GCC_WARN_UNDECLARED_SELECTOR = YES;
				GCC_WARN_UNINITIALIZED_AUTOS = YES_AGGRESSIVE;
				GCC_WARN_UNUSED_FUNCTION = YES;
				GCC_WARN_UNUSED_VARIABLE = YES;
				IPHONEOS_DEPLOYMENT_TARGET = 18.0;
				LOCALIZATION_PREFERS_STRING_CATALOGS = YES;
				MTL_ENABLE_DEBUG_INFO = NO;
				MTL_FAST_MATH = YES;
				SDKROOT = iphoneos;
				SWIFT_COMPILATION_MODE = wholemodule;
				VALIDATE_PRODUCT = YES;
			};
			name = Release;
		};
		447B7BE62DD8336B006A4E64 /* Debug */ = {
			isa = XCBuildConfiguration;
			buildSettings = {
				BUNDLE_LOADER = "$(TEST_HOST)";
				CODE_SIGN_STYLE = Automatic;
				CURRENT_PROJECT_VERSION = 1;
				DEVELOPMENT_TEAM = 6BA588Z4PT;
				GENERATE_INFOPLIST_FILE = YES;
				IPHONEOS_DEPLOYMENT_TARGET = 18.0;
				MARKETING_VERSION = 1.0;
				PRODUCT_BUNDLE_IDENTIFIER = com.bn2002.PicsumAppTests;
				PRODUCT_NAME = "$(TARGET_NAME)";
				SWIFT_EMIT_LOC_STRINGS = NO;
				SWIFT_VERSION = 5.0;
				TARGETED_DEVICE_FAMILY = "1,2";
				TEST_HOST = "$(BUILT_PRODUCTS_DIR)/PicsumApp.app/$(BUNDLE_EXECUTABLE_FOLDER_PATH)/PicsumApp";
			};
			name = Debug;
		};
		447B7BE72DD8336B006A4E64 /* Release */ = {
			isa = XCBuildConfiguration;
			buildSettings = {
				BUNDLE_LOADER = "$(TEST_HOST)";
				CODE_SIGN_STYLE = Automatic;
				CURRENT_PROJECT_VERSION = 1;
				DEVELOPMENT_TEAM = 6BA588Z4PT;
				GENERATE_INFOPLIST_FILE = YES;
				IPHONEOS_DEPLOYMENT_TARGET = 18.0;
				MARKETING_VERSION = 1.0;
				PRODUCT_BUNDLE_IDENTIFIER = com.bn2002.PicsumAppTests;
				PRODUCT_NAME = "$(TARGET_NAME)";
				SWIFT_EMIT_LOC_STRINGS = NO;
				SWIFT_VERSION = 5.0;
				TARGETED_DEVICE_FAMILY = "1,2";
				TEST_HOST = "$(BUILT_PRODUCTS_DIR)/PicsumApp.app/$(BUNDLE_EXECUTABLE_FOLDER_PATH)/PicsumApp";
			};
			name = Release;
		};
		447B7BE92DD8336B006A4E64 /* Debug */ = {
			isa = XCBuildConfiguration;
			buildSettings = {
				CODE_SIGN_STYLE = Automatic;
				CURRENT_PROJECT_VERSION = 1;
				DEVELOPMENT_TEAM = 6BA588Z4PT;
				GENERATE_INFOPLIST_FILE = YES;
				MARKETING_VERSION = 1.0;
				PRODUCT_BUNDLE_IDENTIFIER = com.bn2002.PicsumAppUITests;
				PRODUCT_NAME = "$(TARGET_NAME)";
				SWIFT_EMIT_LOC_STRINGS = NO;
				SWIFT_VERSION = 5.0;
				TARGETED_DEVICE_FAMILY = "1,2";
				TEST_TARGET_NAME = PicsumApp;
			};
			name = Debug;
		};
		447B7BEA2DD8336B006A4E64 /* Release */ = {
			isa = XCBuildConfiguration;
			buildSettings = {
				CODE_SIGN_STYLE = Automatic;
				CURRENT_PROJECT_VERSION = 1;
				DEVELOPMENT_TEAM = 6BA588Z4PT;
				GENERATE_INFOPLIST_FILE = YES;
				MARKETING_VERSION = 1.0;
				PRODUCT_BUNDLE_IDENTIFIER = com.bn2002.PicsumAppUITests;
				PRODUCT_NAME = "$(TARGET_NAME)";
				SWIFT_EMIT_LOC_STRINGS = NO;
				SWIFT_VERSION = 5.0;
				TARGETED_DEVICE_FAMILY = "1,2";
				TEST_TARGET_NAME = PicsumApp;
			};
			name = Release;
		};
/* End XCBuildConfiguration section */

/* Begin XCConfigurationList section */
		447B7BB22DD8336A006A4E64 /* Build configuration list for PBXProject "PicsumApp" */ = {
			isa = XCConfigurationList;
			buildConfigurations = (
				447B7BE32DD8336B006A4E64 /* Debug */,
				447B7BE42DD8336B006A4E64 /* Release */,
			);
			defaultConfigurationIsVisible = 0;
			defaultConfigurationName = Release;
		};
		447B7BE02DD8336B006A4E64 /* Build configuration list for PBXNativeTarget "PicsumApp" */ = {
			isa = XCConfigurationList;
			buildConfigurations = (
				447B7BE12DD8336B006A4E64 /* Debug */,
				447B7BE22DD8336B006A4E64 /* Release */,
			);
			defaultConfigurationIsVisible = 0;
			defaultConfigurationName = Release;
		};
		447B7BE52DD8336B006A4E64 /* Build configuration list for PBXNativeTarget "PicsumAppTests" */ = {
			isa = XCConfigurationList;
			buildConfigurations = (
				447B7BE62DD8336B006A4E64 /* Debug */,
				447B7BE72DD8336B006A4E64 /* Release */,
			);
			defaultConfigurationIsVisible = 0;
			defaultConfigurationName = Release;
		};
		447B7BE82DD8336B006A4E64 /* Build configuration list for PBXNativeTarget "PicsumAppUITests" */ = {
			isa = XCConfigurationList;
			buildConfigurations = (
				447B7BE92DD8336B006A4E64 /* Debug */,
				447B7BEA2DD8336B006A4E64 /* Release */,
			);
			defaultConfigurationIsVisible = 0;
			defaultConfigurationName = Release;
		};
/* End XCConfigurationList section */

/* Begin XCVersionGroup section */
		44F94A072DDB31BB00FF4E7E /* Model.xcdatamodeld */ = {
			isa = XCVersionGroup;
			children = (
				44F94A082DDB31BB00FF4E7E /* Model.xcdatamodel */,
			);
			currentVersion = 44F94A082DDB31BB00FF4E7E /* Model.xcdatamodel */;
			path = Model.xcdatamodeld;
			sourceTree = "<group>";
			versionGroupType = wrapper.xcdatamodel;
		};
/* End XCVersionGroup section */
	};
	rootObject = 447B7BAF2DD8336A006A4E64 /* Project object */;
}
