// !$*UTF8*$!
{
	archiveVersion = 1;
	classes = {
	};
	objectVersion = 77;
	objects = {

/* Begin PBXContainerItemProxy section */
		447B7BCE2DD8336B006A4E64 /* PBXContainerItemProxy */ = {
			isa = PBXContainerItemProxy;
			containerPortal = 447B7BAF2DD8336A006A4E64 /* Project object */;
			proxyType = 1;
			remoteGlobalIDString = 447B7BB62DD8336A006A4E64;
			remoteInfo = PicsumApp;
		};
		447B7BD82DD8336B006A4E64 /* PBXContainerItemProxy */ = {
			isa = PBXContainerItemProxy;
			containerPortal = 447B7BAF2DD8336A006A4E64 /* Project object */;
			proxyType = 1;
			remoteGlobalIDString = 447B7BB62DD8336A006A4E64;
			remoteInfo = PicsumApp;
		};
/* End PBXContainerItemProxy section */

/* Begin PBXFileReference section */
		447B7BB72DD8336A006A4E64 /* PicsumApp.app */ = {isa = PBXFileReference; explicitFileType = wrapper.application; includeInIndex = 0; path = PicsumApp.app; sourceTree = BUILT_PRODUCTS_DIR; };
		447B7BCD2DD8336B006A4E64 /* PicsumAppTests.xctest */ = {isa = PBXFileReference; explicitFileType = wrapper.cfbundle; includeInIndex = 0; path = PicsumAppTests.xctest; sourceTree = BUILT_PRODUCTS_DIR; };
		447B7BD72DD8336B006A4E64 /* PicsumAppUITests.xctest */ = {isa = PBXFileReference; explicitFileType = wrapper.cfbundle; includeInIndex = 0; path = PicsumAppUITests.xctest; sourceTree = BUILT_PRODUCTS_DIR; };
/* End PBXFileReference section */

/* Begin PBXFileSystemSynchronizedBuildFileExceptionSet section */
		447B7BDF2DD8336B006A4E64 /* Exceptions for "PicsumApp" folder in "PicsumApp" target */ = {
			isa = PBXFileSystemSynchronizedBuildFileExceptionSet;
			membershipExceptions = (
				Info.plist,
			);
			target = 447B7BB62DD8336A006A4E64 /* PicsumApp */;
		};
/* End PBXFileSystemSynchronizedBuildFileExceptionSet section */

/* Begin PBXFileSystemSynchronizedRootGroup section */
		447B7BB92DD8336A006A4E64 /* PicsumApp */ = {
			isa = PBXFileSystemSynchronizedRootGroup;
			exceptions = (
				447B7BDF2DD8336B006A4E64 /* Exceptions for "PicsumApp" folder in "PicsumApp" target */,
			);
			path = PicsumApp;
			sourceTree = "<group>";
		};
		447B7BD02DD8336B006A4E64 /* PicsumAppTests */ = {
			isa = PBXFileSystemSynchronizedRootGroup;
			path = PicsumAppTests;
			sourceTree = "<group>";
		};
		447B7BDA2DD8336B006A4E64 /* PicsumAppUITests */ = {
			isa = PBXFileSystemSynchronizedRootGroup;
			path = PicsumAppUITests;
			sourceTree = "<group>";
		};
/* End PBXFileSystemSynchronizedRootGroup section */

/* Begin PBXFrameworksBuildPhase section */
		447B7BB42DD8336A006A4E64 /* Frameworks */ = {
			isa = PBXFrameworksBuildPhase;
			buildActionMask = 2147483647;
			files = (
			);
			runOnlyForDeploymentPostprocessing = 0;
		};
		447B7BCA2DD8336B006A4E64 /* Frameworks */ = {
			isa = PBXFrameworksBuildPhase;
			buildActionMask = 2147483647;
			files = (
			);
			runOnlyForDeploymentPostprocessing = 0;
		};
		447B7BD42DD8336B006A4E64 /* Frameworks */ = {
			isa = PBXFrameworksBuildPhase;
			buildActionMask = 2147483647;
			files = (
			);
			runOnlyForDeploymentPostprocessing = 0;
		};
/* End PBXFrameworksBuildPhase section */

/* Begin PBXGroup section */
		447B7BAE2DD8336A006A4E64 = {
			isa = PBXGroup;
			children = (
				447B7BB92DD8336A006A4E64 /* PicsumApp */,
				447B7BD02DD8336B006A4E64 /* PicsumAppTests */,
				447B7BDA2DD8336B006A4E64 /* PicsumAppUITests */,
				447B7BB82DD8336A006A4E64 /* Products */,
			);
			sourceTree = "<group>";
		};
		447B7BB82DD8336A006A4E64 /* Products */ = {
			isa = PBXGroup;
			children = (
				447B7BB72DD8336A006A4E64 /* PicsumApp.app */,
				447B7BCD2DD8336B006A4E64 /* PicsumAppTests.xctest */,
				447B7BD72DD8336B006A4E64 /* PicsumAppUITests.xctest */,
			);
			name = Products;
			sourceTree = "<group>";
		};
/* End PBXGroup section */

/* Begin PBXNativeTarget section */
		447B7BB62DD8336A006A4E64 /* PicsumApp */ = {
			isa = PBXNativeTarget;
			buildConfigurationList = 447B7BE02DD8336B006A4E64 /* Build configuration list for PBXNativeTarget "PicsumApp" */;
			buildPhases = (
				447B7BB32DD8336A006A4E64 /* Sources */,
				447B7BB42DD8336A006A4E64 /* Frameworks */,
				447B7BB52DD8336A006A4E64 /* Resources */,
			);
			buildRules = (
			);
			dependencies = (
			);
			fileSystemSynchronizedGroups = (
				447B7BB92DD8336A006A4E64 /* PicsumApp */,
			);
			name = PicsumApp;
			packageProductDependencies = (
			);
			productName = PicsumApp;
			productReference = 447B7BB72DD8336A006A4E64 /* PicsumApp.app */;
			productType = "com.apple.product-type.application";
		};
		447B7BCC2DD8336B006A4E64 /* PicsumAppTests */ = {
			isa = PBXNativeTarget;
			buildConfigurationList = 447B7BE52DD8336B006A4E64 /* Build configuration list for PBXNativeTarget "PicsumAppTests" */;
			buildPhases = (
				447B7BC92DD8336B006A4E64 /* Sources */,
				447B7BCA2DD8336B006A4E64 /* Frameworks */,
				447B7BCB2DD8336B006A4E64 /* Resources */,
			);
			buildRules = (
			);
			dependencies = (
				447B7BCF2DD8336B006A4E64 /* PBXTargetDependency */,
			);
			fileSystemSynchronizedGroups = (
				447B7BD02DD8336B006A4E64 /* PicsumAppTests */,
			);
			name = PicsumAppTests;
			packageProductDependencies = (
			);
			productName = PicsumAppTests;
			productReference = 447B7BCD2DD8336B006A4E64 /* PicsumAppTests.xctest */;
			productType = "com.apple.product-type.bundle.unit-test";
		};
		447B7BD62DD8336B006A4E64 /* PicsumAppUITests */ = {
			isa = PBXNativeTarget;
			buildConfigurationList = 447B7BE82DD8336B006A4E64 /* Build configuration list for PBXNativeTarget "PicsumAppUITests" */;
			buildPhases = (
				447B7BD32DD8336B006A4E64 /* Sources */,
				447B7BD42DD8336B006A4E64 /* Frameworks */,
				447B7BD52DD8336B006A4E64 /* Resources */,
			);
			buildRules = (
			);
			dependencies = (
				447B7BD92DD8336B006A4E64 /* PBXTargetDependency */,
			);
			fileSystemSynchronizedGroups = (
				447B7BDA2DD8336B006A4E64 /* PicsumAppUITests */,
			);
			name = PicsumAppUITests;
			packageProductDependencies = (
			);
			productName = PicsumAppUITests;
			productReference = 447B7BD72DD8336B006A4E64 /* PicsumAppUITests.xctest */;
			productType = "com.apple.product-type.bundle.ui-testing";
		};
/* End PBXNativeTarget section */

/* Begin PBXProject section */
		447B7BAF2DD8336A006A4E64 /* Project object */ = {
			isa = PBXProject;
			attributes = {
				BuildIndependentTargetsInParallel = 1;
				LastSwiftUpdateCheck = 1600;
				LastUpgradeCheck = 1600;
				TargetAttributes = {
					447B7BB62DD8336A006A4E64 = {
						CreatedOnToolsVersion = 16.0;
					};
					447B7BCC2DD8336B006A4E64 = {
						CreatedOnToolsVersion = 16.0;
						TestTargetID = 447B7BB62DD8336A006A4E64;
					};
					447B7BD62DD8336B006A4E64 = {
						CreatedOnToolsVersion = 16.0;
						TestTargetID = 447B7BB62DD8336A006A4E64;
					};
				};
			};
			buildConfigurationList = 447B7BB22DD8336A006A4E64 /* Build configuration list for PBXProject "PicsumApp" */;
			developmentRegion = en;
			hasScannedForEncodings = 0;
			knownRegions = (
				en,
				Base,
			);
			mainGroup = 447B7BAE2DD8336A006A4E64;
			minimizedProjectReferenceProxies = 1;
			preferredProjectObjectVersion = 77;
			productRefGroup = 447B7BB82DD8336A006A4E64 /* Products */;
			projectDirPath = "";
			projectRoot = "";
			targets = (
				447B7BB62DD8336A006A4E64 /* PicsumApp */,
				447B7BCC2DD8336B006A4E64 /* PicsumAppTests */,
				447B7BD62DD8336B006A4E64 /* PicsumAppUITests */,
			);
		};
/* End PBXProject section */

/* Begin PBXResourcesBuildPhase section */
		447B7BB52DD8336A006A4E64 /* Resources */ = {
			isa = PBXResourcesBuildPhase;
			buildActionMask = 2147483647;
			files = (
			);
			runOnlyForDeploymentPostprocessing = 0;
		};
		447B7BCB2DD8336B006A4E64 /* Resources */ = {
			isa = PBXResourcesBuildPhase;
			buildActionMask = 2147483647;
			files = (
			);
			runOnlyForDeploymentPostprocessing = 0;
		};
		447B7BD52DD8336B006A4E64 /* Resources */ = {
			isa = PBXResourcesBuildPhase;
			buildActionMask = 2147483647;
			files = (
			);
			runOnlyForDeploymentPostprocessing = 0;
		};
/* End PBXResourcesBuildPhase section */

/* Begin PBXSourcesBuildPhase section */
		447B7BB32DD8336A006A4E64 /* Sources */ = {
			isa = PBXSourcesBuildPhase;
			buildActionMask = 2147483647;
			files = (
			);
			runOnlyForDeploymentPostprocessing = 0;
		};
		447B7BC92DD8336B006A4E64 /* Sources */ = {
			isa = PBXSourcesBuildPhase;
			buildActionMask = 2147483647;
			files = (
			);
			runOnlyForDeploymentPostprocessing = 0;
		};
		447B7BD32DD8336B006A4E64 /* Sources */ = {
			isa = PBXSourcesBuildPhase;
			buildActionMask = 2147483647;
			files = (
			);
			runOnlyForDeploymentPostprocessing = 0;
		};
/* End PBXSourcesBuildPhase section */

/* Begin PBXTargetDependency section */
		447B7BCF2DD8336B006A4E64 /* PBXTargetDependency */ = {
			isa = PBXTargetDependency;
			target = 447B7BB62DD8336A006A4E64 /* PicsumApp */;
			targetProxy = 447B7BCE2DD8336B006A4E64 /* PBXContainerItemProxy */;
		};
		447B7BD92DD8336B006A4E64 /* PBXTargetDependency */ = {
			isa = PBXTargetDependency;
			target = 447B7BB62DD8336A006A4E64 /* PicsumApp */;
			targetProxy = 447B7BD82DD8336B006A4E64 /* PBXContainerItemProxy */;
		};
/* End PBXTargetDependency section */

/* Begin XCBuildConfiguration section */
		447B7BE12DD8336B006A4E64 /* Debug */ = {
			isa = XCBuildConfiguration;
			buildSettings = {
				ASSETCATALOG_COMPILER_APPICON_NAME = AppIcon;
				ASSETCATALOG_COMPILER_GLOBAL_ACCENT_COLOR_NAME = AccentColor;
				CODE_SIGN_STYLE = Automatic;
				CURRENT_PROJECT_VERSION = 1;
				DEVELOPMENT_TEAM = 6BA588Z4PT;
				GENERATE_INFOPLIST_FILE = YES;
				INFOPLIST_FILE = PicsumApp/Info.plist;
				INFOPLIST_KEY_UIApplicationSupportsIndirectInputEvents = YES;
				INFOPLIST_KEY_UILaunchStoryboardName = LaunchScreen;
				INFOPLIST_KEY_UIMainStoryboardFile = Main;
				INFOPLIST_KEY_UISupportedInterfaceOrientations_iPad = "UIInterfaceOrientationPortrait UIInterfaceOrientationPortraitUpsideDown UIInterfaceOrientationLandscapeLeft UIInterfaceOrientationLandscapeRight";
				INFOPLIST_KEY_UISupportedInterfaceOrientations_iPhone = "UIInterfaceOrientationPortrait UIInterfaceOrientationLandscapeLeft UIInterfaceOrientationLandscapeRight";
				IPHONEOS_DEPLOYMENT_TARGET = 12.0;
				LD_RUNPATH_SEARCH_PATHS = (
					"$(inherited)",
					"@executable_path/Frameworks",
				);
				MARKETING_VERSION = 1.0;
				PRODUCT_BUNDLE_IDENTIFIER = com.bn2002.PicsumApp;
				PRODUCT_NAME = "$(TARGET_NAME)";
				SWIFT_EMIT_LOC_STRINGS = YES;
				SWIFT_VERSION = 5.0;
				TARGETED_DEVICE_FAMILY = "1,2";
			};
			name = Debug;
		};
		447B7BE22DD8336B006A4E64 /* Release */ = {
			isa = XCBuildConfiguration;
			buildSettings = {
				ASSETCATALOG_COMPILER_APPICON_NAME = AppIcon;
				ASSETCATALOG_COMPILER_GLOBAL_ACCENT_COLOR_NAME = AccentColor;
				CODE_SIGN_STYLE = Automatic;
				CURRENT_PROJECT_VERSION = 1;
				DEVELOPMENT_TEAM = 6BA588Z4PT;
				GENERATE_INFOPLIST_FILE = YES;
				INFOPLIST_FILE = PicsumApp/Info.plist;
				INFOPLIST_KEY_UIApplicationSupportsIndirectInputEvents = YES;
				INFOPLIST_KEY_UILaunchStoryboardName = LaunchScreen;
				INFOPLIST_KEY_UIMainStoryboardFile = Main;
				INFOPLIST_KEY_UISupportedInterfaceOrientations_iPad = "UIInterfaceOrientationPortrait UIInterfaceOrientationPortraitUpsideDown UIInterfaceOrientationLandscapeLeft UIInterfaceOrientationLandscapeRight";
				INFOPLIST_KEY_UISupportedInterfaceOrientations_iPhone = "UIInterfaceOrientationPortrait UIInterfaceOrientationLandscapeLeft UIInterfaceOrientationLandscapeRight";
				IPHONEOS_DEPLOYMENT_TARGET = 12.0;
				LD_RUNPATH_SEARCH_PATHS = (
					"$(inherited)",
					"@executable_path/Frameworks",
				);
				MARKETING_VERSION = 1.0;
				PRODUCT_BUNDLE_IDENTIFIER = com.bn2002.PicsumApp;
				PRODUCT_NAME = "$(TARGET_NAME)";
				SWIFT_EMIT_LOC_STRINGS = YES;
				SWIFT_VERSION = 5.0;
				TARGETED_DEVICE_FAMILY = "1,2";
			};
			name = Release;
		};
		447B7BE32DD8336B006A4E64 /* Debug */ = {
			isa = XCBuildConfiguration;
			buildSettings = {
				ALWAYS_SEARCH_USER_PATHS = NO;
				ASSETCATALOG_COMPILER_GENERATE_SWIFT_ASSET_SYMBOL_EXTENSIONS = YES;
				CLANG_ANALYZER_NONNULL = YES;
				CLANG_ANALYZER_NUMBER_OBJECT_CONVERSION = YES_AGGRESSIVE;
				CLANG_CXX_LANGUAGE_STANDARD = "gnu++20";
				CLANG_ENABLE_MODULES = YES;
				CLANG_ENABLE_OBJC_ARC = YES;
				CLANG_ENABLE_OBJC_WEAK = YES;
				CLANG_WARN_BLOCK_CAPTURE_AUTORELEASING = YES;
				CLANG_WARN_BOOL_CONVERSION = YES;
				CLANG_WARN_COMMA = YES;
				CLANG_WARN_CONSTANT_CONVERSION = YES;
				CLANG_WARN_DEPRECATED_OBJC_IMPLEMENTATIONS = YES;
				CLANG_WARN_DIRECT_OBJC_ISA_USAGE = YES_ERROR;
				CLANG_WARN_DOCUMENTATION_COMMENTS = YES;
				CLANG_WARN_EMPTY_BODY = YES;
				CLANG_WARN_ENUM_CONVERSION = YES;
				CLANG_WARN_INFINITE_RECURSION = YES;
				CLANG_WARN_INT_CONVERSION = YES;
				CLANG_WARN_NON_LITERAL_NULL_CONVERSION = YES;
				CLANG_WARN_OBJC_IMPLICIT_RETAIN_SELF = YES;
				CLANG_WARN_OBJC_LITERAL_CONVERSION = YES;
				CLANG_WARN_OBJC_ROOT_CLASS = YES_ERROR;
				CLANG_WARN_QUOTED_INCLUDE_IN_FRAMEWORK_HEADER = YES;
				CLANG_WARN_RANGE_LOOP_ANALYSIS = YES;
				CLANG_WARN_STRICT_PROTOTYPES = YES;
				CLANG_WARN_SUSPICIOUS_MOVE = YES;
				CLANG_WARN_UNGUARDED_AVAILABILITY = YES_AGGRESSIVE;
				CLANG_WARN_UNREACHABLE_CODE = YES;
				CLANG_WARN__DUPLICATE_METHOD_MATCH = YES;
				COPY_PHASE_STRIP = NO;
				DEBUG_INFORMATION_FORMAT = dwarf;
				ENABLE_STRICT_OBJC_MSGSEND = YES;
				ENABLE_TESTABILITY = YES;
				ENABLE_USER_SCRIPT_SANDBOXING = YES;
				GCC_C_LANGUAGE_STANDARD = gnu17;
				GCC_DYNAMIC_NO_PIC = NO;
				GCC_NO_COMMON_BLOCKS = YES;
				GCC_OPTIMIZATION_LEVEL = 0;
				GCC_PREPROCESSOR_DEFINITIONS = (
					"DEBUG=1",
					"$(inherited)",
				);
				GCC_WARN_64_TO_32_BIT_CONVERSION = YES;
				GCC_WARN_ABOUT_RETURN_TYPE = YES_ERROR;
				GCC_WARN_UNDECLARED_SELECTOR = YES;
				GCC_WARN_UNINITIALIZED_AUTOS = YES_AGGRESSIVE;
				GCC_WARN_UNUSED_FUNCTION = YES;
				GCC_WARN_UNUSED_VARIABLE = YES;
				IPHONEOS_DEPLOYMENT_TARGET = 18.0;
				LOCALIZATION_PREFERS_STRING_CATALOGS = YES;
				MTL_ENABLE_DEBUG_INFO = INCLUDE_SOURCE;
				MTL_FAST_MATH = YES;
				ONLY_ACTIVE_ARCH = YES;
				SDKROOT = iphoneos;
				SWIFT_ACTIVE_COMPILATION_CONDITIONS = "DEBUG $(inherited)";
				SWIFT_OPTIMIZATION_LEVEL = "-Onone";
			};
			name = Debug;
		};
		447B7BE42DD8336B006A4E64 /* Release */ = {
			isa = XCBuildConfiguration;
			buildSettings = {
				ALWAYS_SEARCH_USER_PATHS = NO;
				ASSETCATALOG_COMPILER_GENERATE_SWIFT_ASSET_SYMBOL_EXTENSIONS = YES;
				CLANG_ANALYZER_NONNULL = YES;
				CLANG_ANALYZER_NUMBER_OBJECT_CONVERSION = YES_AGGRESSIVE;
				CLANG_CXX_LANGUAGE_STANDARD = "gnu++20";
				CLANG_ENABLE_MODULES = YES;
				CLANG_ENABLE_OBJC_ARC = YES;
				CLANG_ENABLE_OBJC_WEAK = YES;
				CLANG_WARN_BLOCK_CAPTURE_AUTORELEASING = YES;
				CLANG_WARN_BOOL_CONVERSION = YES;
				CLANG_WARN_COMMA = YES;
				CLANG_WARN_CONSTANT_CONVERSION = YES;
				CLANG_WARN_DEPRECATED_OBJC_IMPLEMENTATIONS = YES;
				CLANG_WARN_DIRECT_OBJC_ISA_USAGE = YES_ERROR;
				CLANG_WARN_DOCUMENTATION_COMMENTS = YES;
				CLANG_WARN_EMPTY_BODY = YES;
				CLANG_WARN_ENUM_CONVERSION = YES;
				CLANG_WARN_INFINITE_RECURSION = YES;
				CLANG_WARN_INT_CONVERSION = YES;
				CLANG_WARN_NON_LITERAL_NULL_CONVERSION = YES;
				CLANG_WARN_OBJC_IMPLICIT_RETAIN_SELF = YES;
				CLANG_WARN_OBJC_LITERAL_CONVERSION = YES;
				CLANG_WARN_OBJC_ROOT_CLASS = YES_ERROR;
				CLANG_WARN_QUOTED_INCLUDE_IN_FRAMEWORK_HEADER = YES;
				CLANG_WARN_RANGE_LOOP_ANALYSIS = YES;
				CLANG_WARN_STRICT_PROTOTYPES = YES;
				CLANG_WARN_SUSPICIOUS_MOVE = YES;
				CLANG_WARN_UNGUARDED_AVAILABILITY = YES_AGGRESSIVE;
				CLANG_WARN_UNREACHABLE_CODE = YES;
				CLANG_WARN__DUPLICATE_METHOD_MATCH = YES;
				COPY_PHASE_STRIP = NO;
				DEBUG_INFORMATION_FORMAT = "dwarf-with-dsym";
				ENABLE_NS_ASSERTIONS = NO;
				ENABLE_STRICT_OBJC_MSGSEND = YES;
				ENABLE_USER_SCRIPT_SANDBOXING = YES;
				GCC_C_LANGUAGE_STANDARD = gnu17;
				GCC_NO_COMMON_BLOCKS = YES;
				GCC_WARN_64_TO_32_BIT_CONVERSION = YES;
				GCC_WARN_ABOUT_RETURN_TYPE = YES_ERROR;
				GCC_WARN_UNDECLARED_SELECTOR = YES;
				GCC_WARN_UNINITIALIZED_AUTOS = YES_AGGRESSIVE;
				GCC_WARN_UNUSED_FUNCTION = YES;
				GCC_WARN_UNUSED_VARIABLE = YES;
				IPHONEOS_DEPLOYMENT_TARGET = 18.0;
				LOCALIZATION_PREFERS_STRING_CATALOGS = YES;
				MTL_ENABLE_DEBUG_INFO = NO;
				MTL_FAST_MATH = YES;
				SDKROOT = iphoneos;
				SWIFT_COMPILATION_MODE = wholemodule;
				VALIDATE_PRODUCT = YES;
			};
			name = Release;
		};
		447B7BE62DD8336B006A4E64 /* Debug */ = {
			isa = XCBuildConfiguration;
			buildSettings = {
				BUNDLE_LOADER = "$(TEST_HOST)";
				CODE_SIGN_STYLE = Automatic;
				CURRENT_PROJECT_VERSION = 1;
				DEVELOPMENT_TEAM = 6BA588Z4PT;
				GENERATE_INFOPLIST_FILE = YES;
				IPHONEOS_DEPLOYMENT_TARGET = 18.0;
				MARKETING_VERSION = 1.0;
				PRODUCT_BUNDLE_IDENTIFIER = com.bn2002.PicsumAppTests;
				PRODUCT_NAME = "$(TARGET_NAME)";
				SWIFT_EMIT_LOC_STRINGS = NO;
				SWIFT_VERSION = 5.0;
				TARGETED_DEVICE_FAMILY = "1,2";
				TEST_HOST = "$(BUILT_PRODUCTS_DIR)/PicsumApp.app/$(BUNDLE_EXECUTABLE_FOLDER_PATH)/PicsumApp";
			};
			name = Debug;
		};
		447B7BE72DD8336B006A4E64 /* Release */ = {
			isa = XCBuildConfiguration;
			buildSettings = {
				BUNDLE_LOADER = "$(TEST_HOST)";
				CODE_SIGN_STYLE = Automatic;
				CURRENT_PROJECT_VERSION = 1;
				DEVELOPMENT_TEAM = 6BA588Z4PT;
				GENERATE_INFOPLIST_FILE = YES;
				IPHONEOS_DEPLOYMENT_TARGET = 18.0;
				MARKETING_VERSION = 1.0;
				PRODUCT_BUNDLE_IDENTIFIER = com.bn2002.PicsumAppTests;
				PRODUCT_NAME = "$(TARGET_NAME)";
				SWIFT_EMIT_LOC_STRINGS = NO;
				SWIFT_VERSION = 5.0;
				TARGETED_DEVICE_FAMILY = "1,2";
				TEST_HOST = "$(BUILT_PRODUCTS_DIR)/PicsumApp.app/$(BUNDLE_EXECUTABLE_FOLDER_PATH)/PicsumApp";
			};
			name = Release;
		};
		447B7BE92DD8336B006A4E64 /* Debug */ = {
			isa = XCBuildConfiguration;
			buildSettings = {
				CODE_SIGN_STYLE = Automatic;
				CURRENT_PROJECT_VERSION = 1;
				DEVELOPMENT_TEAM = 6BA588Z4PT;
				GENERATE_INFOPLIST_FILE = YES;
				MARKETING_VERSION = 1.0;
				PRODUCT_BUNDLE_IDENTIFIER = com.bn2002.PicsumAppUITests;
				PRODUCT_NAME = "$(TARGET_NAME)";
				SWIFT_EMIT_LOC_STRINGS = NO;
				SWIFT_VERSION = 5.0;
				TARGETED_DEVICE_FAMILY = "1,2";
				TEST_TARGET_NAME = PicsumApp;
			};
			name = Debug;
		};
		447B7BEA2DD8336B006A4E64 /* Release */ = {
			isa = XCBuildConfiguration;
			buildSettings = {
				CODE_SIGN_STYLE = Automatic;
				CURRENT_PROJECT_VERSION = 1;
				DEVELOPMENT_TEAM = 6BA588Z4PT;
				GENERATE_INFOPLIST_FILE = YES;
				MARKETING_VERSION = 1.0;
				PRODUCT_BUNDLE_IDENTIFIER = com.bn2002.PicsumAppUITests;
				PRODUCT_NAME = "$(TARGET_NAME)";
				SWIFT_EMIT_LOC_STRINGS = NO;
				SWIFT_VERSION = 5.0;
				TARGETED_DEVICE_FAMILY = "1,2";
				TEST_TARGET_NAME = PicsumApp;
			};
			name = Release;
		};
/* End XCBuildConfiguration section */

/* Begin XCConfigurationList section */
		447B7BB22DD8336A006A4E64 /* Build configuration list for PBXProject "PicsumApp" */ = {
			isa = XCConfigurationList;
			buildConfigurations = (
				447B7BE32DD8336B006A4E64 /* Debug */,
				447B7BE42DD8336B006A4E64 /* Release */,
			);
			defaultConfigurationIsVisible = 0;
			defaultConfigurationName = Release;
		};
		447B7BE02DD8336B006A4E64 /* Build configuration list for PBXNativeTarget "PicsumApp" */ = {
			isa = XCConfigurationList;
			buildConfigurations = (
				447B7BE12DD8336B006A4E64 /* Debug */,
				447B7BE22DD8336B006A4E64 /* Release */,
			);
			defaultConfigurationIsVisible = 0;
			defaultConfigurationName = Release;
		};
		447B7BE52DD8336B006A4E64 /* Build configuration list for PBXNativeTarget "PicsumAppTests" */ = {
			isa = XCConfigurationList;
			buildConfigurations = (
				447B7BE62DD8336B006A4E64 /* Debug */,
				447B7BE72DD8336B006A4E64 /* Release */,
			);
			defaultConfigurationIsVisible = 0;
			defaultConfigurationName = Release;
		};
		447B7BE82DD8336B006A4E64 /* Build configuration list for PBXNativeTarget "PicsumAppUITests" */ = {
			isa = XCConfigurationList;
			buildConfigurations = (
				447B7BE92DD8336B006A4E64 /* Debug */,
				447B7BEA2DD8336B006A4E64 /* Release */,
			);
			defaultConfigurationIsVisible = 0;
			defaultConfigurationName = Release;
		};
/* End XCConfigurationList section */
	};
	rootObject = 447B7BAF2DD8336A006A4E64 /* Project object */;
}
